
Microsoft Visual Studio Solution File, Format Version 12.00
# Visual Studio Version 16
VisualStudioVersion = 16.0.30204.135
MinimumVisualStudioVersion = 10.0.40219.1
Project("{FAE04EC0-301F-11D3-BF4B-00C04F79EFBC}") = "Utilidades", "DirectorioActivo\Utilidades.csproj", "{66A9FA72-4C78-4347-8F69-7F8BD643821F}"
EndProject
Project("{FAE04EC0-301F-11D3-BF4B-00C04F79EFBC}") = "Dispositivos", "Dispositivos\Dispositivos.csproj", "{7F1E9695-9E58-4A20-9575-D7D1BABFFAA3}"
EndProject
Project("{FAE04EC0-301F-11D3-BF4B-00C04F79EFBC}") = "Entidades", "Entidades\Entidades.csproj", "{5792FE9D-8AB6-4FAC-B6BF-B8F6666DC0C0}"
EndProject
Project("{FAE04EC0-301F-11D3-BF4B-00C04F79EFBC}") = "Servicios", "Servicios\Servicios.csproj", "{EEF738D6-3408-4312-BE58-668DDACE4044}"
EndProject
Project("{2150E333-8FDC-42A3-9474-1A3956D46DE8}") = "Testers", "Testers", "{04665F93-8B2B-489A-B06F-6727AB5DF605}"
EndProject
Project("{FAE04EC0-301F-11D3-BF4B-00C04F79EFBC}") = "ReconoserEstado", "ReconoserServicio\ReconoserEstado.csproj", "{A2518D16-750C-48E8-BA4C-BA1BD84AA3B2}"
EndProject
Project("{FAE04EC0-301F-11D3-BF4B-00C04F79EFBC}") = "WCFServicioReconoser", "WCFServicioReconoser\WCFServicioReconoser.csproj", "{1553FB92-2424-4F1D-9FBE-50CB11F201AE}"
EndProject
Project("{FAE04EC0-301F-11D3-BF4B-00C04F79EFBC}") = "ReconoserWinService", "ReconoserWinService\ReconoserWinService.csproj", "{A9057456-1771-4EF7-8A89-F39FA46655A4}"
EndProject
Project("{9A19103F-16F7-4668-BE54-9A1E7A4F7556}") = "Microsoft.AspNet.SignalR.Client.Samples", "Testers\Microsoft.AspNet.SignalR.Client.Samples\Microsoft.AspNet.SignalR.Client.Samples.csproj", "{3A3CEBF9-2A57-46A3-82FC-924C112B0FA6}"
EndProject
Project("{FAE04EC0-301F-11D3-BF4B-00C04F79EFBC}") = "SignalRHubs", "SignalRHubs\SignalRHubs.csproj", "{CA78E742-777E-4DE5-A10B-84C5952D9016}"
EndProject
Project("{FAE04EC0-301F-11D3-BF4B-00C04F79EFBC}") = "DevicesValidator", "DevicePrerequisiteTester\DevicesValidator.csproj", "{19138855-0DA0-4CFC-910D-524743F8C4CF}"
EndProject
Project("{2150E333-8FDC-42A3-9474-1A3956D46DE8}") = "Validators", "Validators", "{CF4D75CA-0011-4E6C-96C4-26DF275EC87C}"
EndProject
Project("{FAE04EC0-301F-11D3-BF4B-00C04F79EFBC}") = "ContingenciaOperador", "ContingenciaOperador\ContingenciaOperador.csproj", "{5C31AAAF-A669-478D-ABA1-21F3A67DC6D6}"
EndProject
Project("{9A19103F-16F7-4668-BE54-9A1E7A4F7556}") = "ContingenciaOperador.AzureStorage", "ContingenciaOperador.AzureStorage\ContingenciaOperador.AzureStorage.csproj", "{73E30D4E-A23F-4876-A784-F25FFBAA5639}"
EndProject
Project("{9A19103F-16F7-4668-BE54-9A1E7A4F7556}") = "ContingenciaOperador.Entidades", "ContingenciaOperador.Entidades\ContingenciaOperador.Entidades.csproj", "{72769526-1153-4481-BE0C-9636DC2CD27D}"
EndProject
Project("{9A19103F-16F7-4668-BE54-9A1E7A4F7556}") = "ContingenciaOperador.AzureStorage.Test", "ContingenciaOperador.AzureStorage\Test\ContingenciaOperador.AzureStorage.Test.csproj", "{719A82A5-0F6F-4D9D-BAE6-73EA7BCE6DCF}"
EndProject
Project("{2150E333-8FDC-42A3-9474-1A3956D46DE8}") = "ContingenciaOperador.AzureStorage", "ContingenciaOperador.AzureStorage", "{142A3031-40B7-48CE-BDA7-4C10C05F271C}"
EndProject
Project("{9A19103F-16F7-4668-BE54-9A1E7A4F7556}") = "ContingenciaOperador.AzureStorage.AppConfig", "ContingenciaOperador.AzureStorage.AppConfig\ContingenciaOperador.AzureStorage.AppConfig.csproj", "{7761AD54-B861-4E4A-9824-97C4ED8C87BF}"
EndProject
Project("{9A19103F-16F7-4668-BE54-9A1E7A4F7556}") = "ContingenciaOperador.AzureStorage.Core", "ContingenciaOperador.AzureStorage.Core\ContingenciaOperador.AzureStorage.Core.csproj", "{FF344F15-29B6-45C0-8F59-A5C74925B4FC}"
EndProject
Project("{9A19103F-16F7-4668-BE54-9A1E7A4F7556}") = "ContingenciaOperador.AzureStorage.Core.Test", "ContingenciaOperador.AzureStorage.Core\Test\ContingenciaOperador.AzureStorage.Core.Test.csproj", "{193C0BFE-FBB1-4A07-9A85-6EA242A75C97}"
EndProject
Project("{9A19103F-16F7-4668-BE54-9A1E7A4F7556}") = "ContingenciaOperador.AzureStorage.SimpleInjector", "ContingenciaOperador.AzureStorage.SimpleInjector\ContingenciaOperador.AzureStorage.SimpleInjector.csproj", "{E71A368D-D6D9-43DD-B2E3-E0B152CBB1DA}"
EndProject
Project("{2150E333-8FDC-42A3-9474-1A3956D46DE8}") = "Test", "Test", "{D1B92F0F-AE64-44DC-B185-7A61F64C40A9}"
EndProject
Project("{FAE04EC0-301F-11D3-BF4B-00C04F79EFBC}") = "Utilidades.Test", "Test\UtilidadesTest\Utilidades.Test.csproj", "{CBA87113-A073-4B7C-A7E4-419FB0297669}"
EndProject
Project("{FAE04EC0-301F-11D3-BF4B-00C04F79EFBC}") = "Utilidades.Paralelismo", "UtilidadesParalelismo\Utilidades.Paralelismo.csproj", "{CB47E1D9-2072-46C8-ABCA-BA8D2E764E4A}"
EndProject
Project("{FAE04EC0-301F-11D3-BF4B-00C04F79EFBC}") = "Utilidades.Paralelismo.Test", "UtilidadesParalelismo\Test\Utilidades.Paralelismo.Test.csproj", "{D7270B4A-4EBC-4790-83E9-21BECB797FC3}"
EndProject
Global
	GlobalSection(SolutionConfigurationPlatforms) = preSolution
		Debug|Any CPU = Debug|Any CPU
		Debug|ARM = Debug|ARM
		Debug|Mixed Platforms = Debug|Mixed Platforms
		Debug|x64 = Debug|x64
		Debug|x86 = Debug|x86
		Release|Any CPU = Release|Any CPU
		Release|ARM = Release|ARM
		Release|Mixed Platforms = Release|Mixed Platforms
		Release|x64 = Release|x64
		Release|x86 = Release|x86
	EndGlobalSection
	GlobalSection(ProjectConfigurationPlatforms) = postSolution
		{66A9FA72-4C78-4347-8F69-7F8BD643821F}.Debug|Any CPU.ActiveCfg = Debug|Any CPU
		{66A9FA72-4C78-4347-8F69-7F8BD643821F}.Debug|Any CPU.Build.0 = Debug|Any CPU
		{66A9FA72-4C78-4347-8F69-7F8BD643821F}.Debug|ARM.ActiveCfg = Debug|Any CPU
		{66A9FA72-4C78-4347-8F69-7F8BD643821F}.Debug|ARM.Build.0 = Debug|Any CPU
		{66A9FA72-4C78-4347-8F69-7F8BD643821F}.Debug|Mixed Platforms.ActiveCfg = Debug|Any CPU
		{66A9FA72-4C78-4347-8F69-7F8BD643821F}.Debug|Mixed Platforms.Build.0 = Debug|Any CPU
		{66A9FA72-4C78-4347-8F69-7F8BD643821F}.Debug|x64.ActiveCfg = Debug|Any CPU
		{66A9FA72-4C78-4347-8F69-7F8BD643821F}.Debug|x64.Build.0 = Debug|Any CPU
		{66A9FA72-4C78-4347-8F69-7F8BD643821F}.Debug|x86.ActiveCfg = Debug|Any CPU
		{66A9FA72-4C78-4347-8F69-7F8BD643821F}.Debug|x86.Build.0 = Debug|Any CPU
		{66A9FA72-4C78-4347-8F69-7F8BD643821F}.Release|Any CPU.ActiveCfg = Release|Any CPU
		{66A9FA72-4C78-4347-8F69-7F8BD643821F}.Release|Any CPU.Build.0 = Release|Any CPU
		{66A9FA72-4C78-4347-8F69-7F8BD643821F}.Release|ARM.ActiveCfg = Release|Any CPU
		{66A9FA72-4C78-4347-8F69-7F8BD643821F}.Release|ARM.Build.0 = Release|Any CPU
		{66A9FA72-4C78-4347-8F69-7F8BD643821F}.Release|Mixed Platforms.ActiveCfg = Release|Any CPU
		{66A9FA72-4C78-4347-8F69-7F8BD643821F}.Release|Mixed Platforms.Build.0 = Release|Any CPU
		{66A9FA72-4C78-4347-8F69-7F8BD643821F}.Release|x64.ActiveCfg = Release|Any CPU
		{66A9FA72-4C78-4347-8F69-7F8BD643821F}.Release|x64.Build.0 = Release|Any CPU
		{66A9FA72-4C78-4347-8F69-7F8BD643821F}.Release|x86.ActiveCfg = Release|x86
		{66A9FA72-4C78-4347-8F69-7F8BD643821F}.Release|x86.Build.0 = Release|x86
		{7F1E9695-9E58-4A20-9575-D7D1BABFFAA3}.Debug|Any CPU.ActiveCfg = Debug|Any CPU
		{7F1E9695-9E58-4A20-9575-D7D1BABFFAA3}.Debug|Any CPU.Build.0 = Debug|Any CPU
		{7F1E9695-9E58-4A20-9575-D7D1BABFFAA3}.Debug|ARM.ActiveCfg = Debug|Any CPU
		{7F1E9695-9E58-4A20-9575-D7D1BABFFAA3}.Debug|ARM.Build.0 = Debug|Any CPU
		{7F1E9695-9E58-4A20-9575-D7D1BABFFAA3}.Debug|Mixed Platforms.ActiveCfg = Debug|Any CPU
		{7F1E9695-9E58-4A20-9575-D7D1BABFFAA3}.Debug|Mixed Platforms.Build.0 = Debug|Any CPU
		{7F1E9695-9E58-4A20-9575-D7D1BABFFAA3}.Debug|x64.ActiveCfg = Debug|Any CPU
		{7F1E9695-9E58-4A20-9575-D7D1BABFFAA3}.Debug|x64.Build.0 = Debug|Any CPU
		{7F1E9695-9E58-4A20-9575-D7D1BABFFAA3}.Debug|x86.ActiveCfg = Debug|Any CPU
		{7F1E9695-9E58-4A20-9575-D7D1BABFFAA3}.Debug|x86.Build.0 = Debug|Any CPU
		{7F1E9695-9E58-4A20-9575-D7D1BABFFAA3}.Release|Any CPU.ActiveCfg = Release|Any CPU
		{7F1E9695-9E58-4A20-9575-D7D1BABFFAA3}.Release|Any CPU.Build.0 = Release|Any CPU
		{7F1E9695-9E58-4A20-9575-D7D1BABFFAA3}.Release|ARM.ActiveCfg = Release|Any CPU
		{7F1E9695-9E58-4A20-9575-D7D1BABFFAA3}.Release|ARM.Build.0 = Release|Any CPU
		{7F1E9695-9E58-4A20-9575-D7D1BABFFAA3}.Release|Mixed Platforms.ActiveCfg = Release|Any CPU
		{7F1E9695-9E58-4A20-9575-D7D1BABFFAA3}.Release|Mixed Platforms.Build.0 = Release|Any CPU
		{7F1E9695-9E58-4A20-9575-D7D1BABFFAA3}.Release|x64.ActiveCfg = Release|Any CPU
		{7F1E9695-9E58-4A20-9575-D7D1BABFFAA3}.Release|x64.Build.0 = Release|Any CPU
		{7F1E9695-9E58-4A20-9575-D7D1BABFFAA3}.Release|x86.ActiveCfg = Release|x86
		{7F1E9695-9E58-4A20-9575-D7D1BABFFAA3}.Release|x86.Build.0 = Release|x86
		{5792FE9D-8AB6-4FAC-B6BF-B8F6666DC0C0}.Debug|Any CPU.ActiveCfg = Debug|Any CPU
		{5792FE9D-8AB6-4FAC-B6BF-B8F6666DC0C0}.Debug|Any CPU.Build.0 = Debug|Any CPU
		{5792FE9D-8AB6-4FAC-B6BF-B8F6666DC0C0}.Debug|ARM.ActiveCfg = Debug|Any CPU
		{5792FE9D-8AB6-4FAC-B6BF-B8F6666DC0C0}.Debug|ARM.Build.0 = Debug|Any CPU
		{5792FE9D-8AB6-4FAC-B6BF-B8F6666DC0C0}.Debug|Mixed Platforms.ActiveCfg = Debug|Any CPU
		{5792FE9D-8AB6-4FAC-B6BF-B8F6666DC0C0}.Debug|Mixed Platforms.Build.0 = Debug|Any CPU
		{5792FE9D-8AB6-4FAC-B6BF-B8F6666DC0C0}.Debug|x64.ActiveCfg = Debug|Any CPU
		{5792FE9D-8AB6-4FAC-B6BF-B8F6666DC0C0}.Debug|x64.Build.0 = Debug|Any CPU
		{5792FE9D-8AB6-4FAC-B6BF-B8F6666DC0C0}.Debug|x86.ActiveCfg = Debug|Any CPU
		{5792FE9D-8AB6-4FAC-B6BF-B8F6666DC0C0}.Debug|x86.Build.0 = Debug|Any CPU
		{5792FE9D-8AB6-4FAC-B6BF-B8F6666DC0C0}.Release|Any CPU.ActiveCfg = Release|Any CPU
		{5792FE9D-8AB6-4FAC-B6BF-B8F6666DC0C0}.Release|Any CPU.Build.0 = Release|Any CPU
		{5792FE9D-8AB6-4FAC-B6BF-B8F6666DC0C0}.Release|ARM.ActiveCfg = Release|Any CPU
		{5792FE9D-8AB6-4FAC-B6BF-B8F6666DC0C0}.Release|ARM.Build.0 = Release|Any CPU
		{5792FE9D-8AB6-4FAC-B6BF-B8F6666DC0C0}.Release|Mixed Platforms.ActiveCfg = Release|Any CPU
		{5792FE9D-8AB6-4FAC-B6BF-B8F6666DC0C0}.Release|Mixed Platforms.Build.0 = Release|Any CPU
		{5792FE9D-8AB6-4FAC-B6BF-B8F6666DC0C0}.Release|x64.ActiveCfg = Release|Any CPU
		{5792FE9D-8AB6-4FAC-B6BF-B8F6666DC0C0}.Release|x64.Build.0 = Release|Any CPU
		{5792FE9D-8AB6-4FAC-B6BF-B8F6666DC0C0}.Release|x86.ActiveCfg = Release|x86
		{5792FE9D-8AB6-4FAC-B6BF-B8F6666DC0C0}.Release|x86.Build.0 = Release|x86
		{EEF738D6-3408-4312-BE58-668DDACE4044}.Debug|Any CPU.ActiveCfg = Debug|Any CPU
		{EEF738D6-3408-4312-BE58-668DDACE4044}.Debug|Any CPU.Build.0 = Debug|Any CPU
		{EEF738D6-3408-4312-BE58-668DDACE4044}.Debug|ARM.ActiveCfg = Debug|Any CPU
		{EEF738D6-3408-4312-BE58-668DDACE4044}.Debug|Mixed Platforms.ActiveCfg = Debug|Any CPU
		{EEF738D6-3408-4312-BE58-668DDACE4044}.Debug|Mixed Platforms.Build.0 = Debug|Any CPU
		{EEF738D6-3408-4312-BE58-668DDACE4044}.Debug|x64.ActiveCfg = Debug|Any CPU
		{EEF738D6-3408-4312-BE58-668DDACE4044}.Debug|x86.ActiveCfg = Debug|Any CPU
		{EEF738D6-3408-4312-BE58-668DDACE4044}.Release|Any CPU.ActiveCfg = Release|Any CPU
		{EEF738D6-3408-4312-BE58-668DDACE4044}.Release|Any CPU.Build.0 = Release|Any CPU
		{EEF738D6-3408-4312-BE58-668DDACE4044}.Release|ARM.ActiveCfg = Release|Any CPU
		{EEF738D6-3408-4312-BE58-668DDACE4044}.Release|Mixed Platforms.ActiveCfg = Release|Any CPU
		{EEF738D6-3408-4312-BE58-668DDACE4044}.Release|Mixed Platforms.Build.0 = Release|Any CPU
		{EEF738D6-3408-4312-BE58-668DDACE4044}.Release|x64.ActiveCfg = Release|Any CPU
		{EEF738D6-3408-4312-BE58-668DDACE4044}.Release|x86.ActiveCfg = Release|x86
		{EEF738D6-3408-4312-BE58-668DDACE4044}.Release|x86.Build.0 = Release|x86
		{A2518D16-750C-48E8-BA4C-BA1BD84AA3B2}.Debug|Any CPU.ActiveCfg = Debug|Any CPU
		{A2518D16-750C-48E8-BA4C-BA1BD84AA3B2}.Debug|Any CPU.Build.0 = Debug|Any CPU
		{A2518D16-750C-48E8-BA4C-BA1BD84AA3B2}.Debug|ARM.ActiveCfg = Debug|Any CPU
		{A2518D16-750C-48E8-BA4C-BA1BD84AA3B2}.Debug|Mixed Platforms.ActiveCfg = Debug|Any CPU
		{A2518D16-750C-48E8-BA4C-BA1BD84AA3B2}.Debug|Mixed Platforms.Build.0 = Debug|Any CPU
		{A2518D16-750C-48E8-BA4C-BA1BD84AA3B2}.Debug|x64.ActiveCfg = Debug|Any CPU
		{A2518D16-750C-48E8-BA4C-BA1BD84AA3B2}.Debug|x86.ActiveCfg = Debug|Any CPU
		{A2518D16-750C-48E8-BA4C-BA1BD84AA3B2}.Release|Any CPU.ActiveCfg = Release|Any CPU
		{A2518D16-750C-48E8-BA4C-BA1BD84AA3B2}.Release|Any CPU.Build.0 = Release|Any CPU
		{A2518D16-750C-48E8-BA4C-BA1BD84AA3B2}.Release|ARM.ActiveCfg = Release|Any CPU
		{A2518D16-750C-48E8-BA4C-BA1BD84AA3B2}.Release|Mixed Platforms.ActiveCfg = Release|Any CPU
		{A2518D16-750C-48E8-BA4C-BA1BD84AA3B2}.Release|Mixed Platforms.Build.0 = Release|Any CPU
		{A2518D16-750C-48E8-BA4C-BA1BD84AA3B2}.Release|x64.ActiveCfg = Release|Any CPU
		{A2518D16-750C-48E8-BA4C-BA1BD84AA3B2}.Release|x86.ActiveCfg = Release|x86
		{A2518D16-750C-48E8-BA4C-BA1BD84AA3B2}.Release|x86.Build.0 = Release|x86
		{1553FB92-2424-4F1D-9FBE-50CB11F201AE}.Debug|Any CPU.ActiveCfg = Debug|Any CPU
		{1553FB92-2424-4F1D-9FBE-50CB11F201AE}.Debug|Any CPU.Build.0 = Debug|Any CPU
		{1553FB92-2424-4F1D-9FBE-50CB11F201AE}.Debug|ARM.ActiveCfg = Debug|Any CPU
		{1553FB92-2424-4F1D-9FBE-50CB11F201AE}.Debug|Mixed Platforms.ActiveCfg = Debug|Any CPU
		{1553FB92-2424-4F1D-9FBE-50CB11F201AE}.Debug|Mixed Platforms.Build.0 = Debug|Any CPU
		{1553FB92-2424-4F1D-9FBE-50CB11F201AE}.Debug|x64.ActiveCfg = Debug|Any CPU
		{1553FB92-2424-4F1D-9FBE-50CB11F201AE}.Debug|x86.ActiveCfg = Debug|Any CPU
		{1553FB92-2424-4F1D-9FBE-50CB11F201AE}.Release|Any CPU.ActiveCfg = Release|Any CPU
		{1553FB92-2424-4F1D-9FBE-50CB11F201AE}.Release|Any CPU.Build.0 = Release|Any CPU
		{1553FB92-2424-4F1D-9FBE-50CB11F201AE}.Release|ARM.ActiveCfg = Release|Any CPU
		{1553FB92-2424-4F1D-9FBE-50CB11F201AE}.Release|Mixed Platforms.ActiveCfg = Release|Any CPU
		{1553FB92-2424-4F1D-9FBE-50CB11F201AE}.Release|Mixed Platforms.Build.0 = Release|Any CPU
		{1553FB92-2424-4F1D-9FBE-50CB11F201AE}.Release|x64.ActiveCfg = Release|Any CPU
		{1553FB92-2424-4F1D-9FBE-50CB11F201AE}.Release|x86.ActiveCfg = Release|x86
		{1553FB92-2424-4F1D-9FBE-50CB11F201AE}.Release|x86.Build.0 = Release|x86
		{A9057456-1771-4EF7-8A89-F39FA46655A4}.Debug|Any CPU.ActiveCfg = Debug|Any CPU
		{A9057456-1771-4EF7-8A89-F39FA46655A4}.Debug|Any CPU.Build.0 = Debug|Any CPU
		{A9057456-1771-4EF7-8A89-F39FA46655A4}.Debug|ARM.ActiveCfg = Debug|Any CPU
		{A9057456-1771-4EF7-8A89-F39FA46655A4}.Debug|ARM.Build.0 = Debug|Any CPU
		{A9057456-1771-4EF7-8A89-F39FA46655A4}.Debug|Mixed Platforms.ActiveCfg = Debug|Any CPU
		{A9057456-1771-4EF7-8A89-F39FA46655A4}.Debug|Mixed Platforms.Build.0 = Debug|Any CPU
		{A9057456-1771-4EF7-8A89-F39FA46655A4}.Debug|x64.ActiveCfg = Debug|Any CPU
		{A9057456-1771-4EF7-8A89-F39FA46655A4}.Debug|x64.Build.0 = Debug|Any CPU
		{A9057456-1771-4EF7-8A89-F39FA46655A4}.Debug|x86.ActiveCfg = Debug|Any CPU
		{A9057456-1771-4EF7-8A89-F39FA46655A4}.Debug|x86.Build.0 = Debug|Any CPU
		{A9057456-1771-4EF7-8A89-F39FA46655A4}.Release|Any CPU.ActiveCfg = Release|Any CPU
		{A9057456-1771-4EF7-8A89-F39FA46655A4}.Release|Any CPU.Build.0 = Release|Any CPU
		{A9057456-1771-4EF7-8A89-F39FA46655A4}.Release|ARM.ActiveCfg = Release|Any CPU
		{A9057456-1771-4EF7-8A89-F39FA46655A4}.Release|ARM.Build.0 = Release|Any CPU
		{A9057456-1771-4EF7-8A89-F39FA46655A4}.Release|Mixed Platforms.ActiveCfg = Release|Any CPU
		{A9057456-1771-4EF7-8A89-F39FA46655A4}.Release|Mixed Platforms.Build.0 = Release|Any CPU
		{A9057456-1771-4EF7-8A89-F39FA46655A4}.Release|x64.ActiveCfg = Release|Any CPU
		{A9057456-1771-4EF7-8A89-F39FA46655A4}.Release|x64.Build.0 = Release|Any CPU
		{A9057456-1771-4EF7-8A89-F39FA46655A4}.Release|x86.ActiveCfg = Release|Any CPU
		{A9057456-1771-4EF7-8A89-F39FA46655A4}.Release|x86.Build.0 = Release|Any CPU
		{3A3CEBF9-2A57-46A3-82FC-924C112B0FA6}.Debug|Any CPU.ActiveCfg = Debug|Any CPU
		{3A3CEBF9-2A57-46A3-82FC-924C112B0FA6}.Debug|Any CPU.Build.0 = Debug|Any CPU
		{3A3CEBF9-2A57-46A3-82FC-924C112B0FA6}.Debug|ARM.ActiveCfg = Debug|Any CPU
		{3A3CEBF9-2A57-46A3-82FC-924C112B0FA6}.Debug|ARM.Build.0 = Debug|Any CPU
		{3A3CEBF9-2A57-46A3-82FC-924C112B0FA6}.Debug|Mixed Platforms.ActiveCfg = Debug|Any CPU
		{3A3CEBF9-2A57-46A3-82FC-924C112B0FA6}.Debug|Mixed Platforms.Build.0 = Debug|Any CPU
		{3A3CEBF9-2A57-46A3-82FC-924C112B0FA6}.Debug|x64.ActiveCfg = Debug|Any CPU
		{3A3CEBF9-2A57-46A3-82FC-924C112B0FA6}.Debug|x64.Build.0 = Debug|Any CPU
		{3A3CEBF9-2A57-46A3-82FC-924C112B0FA6}.Debug|x86.ActiveCfg = Debug|Any CPU
		{3A3CEBF9-2A57-46A3-82FC-924C112B0FA6}.Debug|x86.Build.0 = Debug|Any CPU
		{3A3CEBF9-2A57-46A3-82FC-924C112B0FA6}.Release|Any CPU.ActiveCfg = Release|Any CPU
		{3A3CEBF9-2A57-46A3-82FC-924C112B0FA6}.Release|Any CPU.Build.0 = Release|Any CPU
		{3A3CEBF9-2A57-46A3-82FC-924C112B0FA6}.Release|ARM.ActiveCfg = Release|Any CPU
		{3A3CEBF9-2A57-46A3-82FC-924C112B0FA6}.Release|ARM.Build.0 = Release|Any CPU
		{3A3CEBF9-2A57-46A3-82FC-924C112B0FA6}.Release|Mixed Platforms.ActiveCfg = Release|Any CPU
		{3A3CEBF9-2A57-46A3-82FC-924C112B0FA6}.Release|Mixed Platforms.Build.0 = Release|Any CPU
		{3A3CEBF9-2A57-46A3-82FC-924C112B0FA6}.Release|x64.ActiveCfg = Release|Any CPU
		{3A3CEBF9-2A57-46A3-82FC-924C112B0FA6}.Release|x64.Build.0 = Release|Any CPU
		{3A3CEBF9-2A57-46A3-82FC-924C112B0FA6}.Release|x86.ActiveCfg = Release|Any CPU
		{3A3CEBF9-2A57-46A3-82FC-924C112B0FA6}.Release|x86.Build.0 = Release|Any CPU
		{CA78E742-777E-4DE5-A10B-84C5952D9016}.Debug|Any CPU.ActiveCfg = Debug|Any CPU
		{CA78E742-777E-4DE5-A10B-84C5952D9016}.Debug|Any CPU.Build.0 = Debug|Any CPU
		{CA78E742-777E-4DE5-A10B-84C5952D9016}.Debug|ARM.ActiveCfg = Debug|Any CPU
		{CA78E742-777E-4DE5-A10B-84C5952D9016}.Debug|ARM.Build.0 = Debug|Any CPU
		{CA78E742-777E-4DE5-A10B-84C5952D9016}.Debug|Mixed Platforms.ActiveCfg = Debug|Any CPU
		{CA78E742-777E-4DE5-A10B-84C5952D9016}.Debug|Mixed Platforms.Build.0 = Debug|Any CPU
		{CA78E742-777E-4DE5-A10B-84C5952D9016}.Debug|x64.ActiveCfg = Debug|Any CPU
		{CA78E742-777E-4DE5-A10B-84C5952D9016}.Debug|x64.Build.0 = Debug|Any CPU
		{CA78E742-777E-4DE5-A10B-84C5952D9016}.Debug|x86.ActiveCfg = Debug|Any CPU
		{CA78E742-777E-4DE5-A10B-84C5952D9016}.Debug|x86.Build.0 = Debug|Any CPU
		{CA78E742-777E-4DE5-A10B-84C5952D9016}.Release|Any CPU.ActiveCfg = Release|Any CPU
		{CA78E742-777E-4DE5-A10B-84C5952D9016}.Release|Any CPU.Build.0 = Release|Any CPU
		{CA78E742-777E-4DE5-A10B-84C5952D9016}.Release|ARM.ActiveCfg = Release|Any CPU
		{CA78E742-777E-4DE5-A10B-84C5952D9016}.Release|ARM.Build.0 = Release|Any CPU
		{CA78E742-777E-4DE5-A10B-84C5952D9016}.Release|Mixed Platforms.ActiveCfg = Release|Any CPU
		{CA78E742-777E-4DE5-A10B-84C5952D9016}.Release|Mixed Platforms.Build.0 = Release|Any CPU
		{CA78E742-777E-4DE5-A10B-84C5952D9016}.Release|x64.ActiveCfg = Release|Any CPU
		{CA78E742-777E-4DE5-A10B-84C5952D9016}.Release|x64.Build.0 = Release|Any CPU
		{CA78E742-777E-4DE5-A10B-84C5952D9016}.Release|x86.ActiveCfg = Release|Any CPU
		{CA78E742-777E-4DE5-A10B-84C5952D9016}.Release|x86.Build.0 = Release|Any CPU
		{19138855-0DA0-4CFC-910D-524743F8C4CF}.Debug|Any CPU.ActiveCfg = Debug|Any CPU
		{19138855-0DA0-4CFC-910D-524743F8C4CF}.Debug|Any CPU.Build.0 = Debug|Any CPU
		{19138855-0DA0-4CFC-910D-524743F8C4CF}.Debug|ARM.ActiveCfg = Debug|Any CPU
		{19138855-0DA0-4CFC-910D-524743F8C4CF}.Debug|ARM.Build.0 = Debug|Any CPU
		{19138855-0DA0-4CFC-910D-524743F8C4CF}.Debug|Mixed Platforms.ActiveCfg = Debug|Any CPU
		{19138855-0DA0-4CFC-910D-524743F8C4CF}.Debug|Mixed Platforms.Build.0 = Debug|Any CPU
		{19138855-0DA0-4CFC-910D-524743F8C4CF}.Debug|x64.ActiveCfg = Debug|Any CPU
		{19138855-0DA0-4CFC-910D-524743F8C4CF}.Debug|x64.Build.0 = Debug|Any CPU
		{19138855-0DA0-4CFC-910D-524743F8C4CF}.Debug|x86.ActiveCfg = Debug|Any CPU
		{19138855-0DA0-4CFC-910D-524743F8C4CF}.Debug|x86.Build.0 = Debug|Any CPU
		{19138855-0DA0-4CFC-910D-524743F8C4CF}.Release|Any CPU.ActiveCfg = Release|Any CPU
		{19138855-0DA0-4CFC-910D-524743F8C4CF}.Release|Any CPU.Build.0 = Release|Any CPU
		{19138855-0DA0-4CFC-910D-524743F8C4CF}.Release|ARM.ActiveCfg = Release|Any CPU
		{19138855-0DA0-4CFC-910D-524743F8C4CF}.Release|ARM.Build.0 = Release|Any CPU
		{19138855-0DA0-4CFC-910D-524743F8C4CF}.Release|Mixed Platforms.ActiveCfg = Release|Any CPU
		{19138855-0DA0-4CFC-910D-524743F8C4CF}.Release|Mixed Platforms.Build.0 = Release|Any CPU
		{19138855-0DA0-4CFC-910D-524743F8C4CF}.Release|x64.ActiveCfg = Release|Any CPU
		{19138855-0DA0-4CFC-910D-524743F8C4CF}.Release|x64.Build.0 = Release|Any CPU
		{19138855-0DA0-4CFC-910D-524743F8C4CF}.Release|x86.ActiveCfg = Release|Any CPU
		{19138855-0DA0-4CFC-910D-524743F8C4CF}.Release|x86.Build.0 = Release|Any CPU
		{5C31AAAF-A669-478D-ABA1-21F3A67DC6D6}.Debug|Any CPU.ActiveCfg = Debug|Any CPU
		{5C31AAAF-A669-478D-ABA1-21F3A67DC6D6}.Debug|Any CPU.Build.0 = Debug|Any CPU
		{5C31AAAF-A669-478D-ABA1-21F3A67DC6D6}.Debug|ARM.ActiveCfg = Debug|Any CPU
		{5C31AAAF-A669-478D-ABA1-21F3A67DC6D6}.Debug|ARM.Build.0 = Debug|Any CPU
		{5C31AAAF-A669-478D-ABA1-21F3A67DC6D6}.Debug|Mixed Platforms.ActiveCfg = Debug|Any CPU
		{5C31AAAF-A669-478D-ABA1-21F3A67DC6D6}.Debug|Mixed Platforms.Build.0 = Debug|Any CPU
		{5C31AAAF-A669-478D-ABA1-21F3A67DC6D6}.Debug|x64.ActiveCfg = Debug|Any CPU
		{5C31AAAF-A669-478D-ABA1-21F3A67DC6D6}.Debug|x64.Build.0 = Debug|Any CPU
		{5C31AAAF-A669-478D-ABA1-21F3A67DC6D6}.Debug|x86.ActiveCfg = Debug|Any CPU
		{5C31AAAF-A669-478D-ABA1-21F3A67DC6D6}.Debug|x86.Build.0 = Debug|Any CPU
		{5C31AAAF-A669-478D-ABA1-21F3A67DC6D6}.Release|Any CPU.ActiveCfg = Release|Any CPU
		{5C31AAAF-A669-478D-ABA1-21F3A67DC6D6}.Release|Any CPU.Build.0 = Release|Any CPU
		{5C31AAAF-A669-478D-ABA1-21F3A67DC6D6}.Release|ARM.ActiveCfg = Release|Any CPU
		{5C31AAAF-A669-478D-ABA1-21F3A67DC6D6}.Release|ARM.Build.0 = Release|Any CPU
		{5C31AAAF-A669-478D-ABA1-21F3A67DC6D6}.Release|Mixed Platforms.ActiveCfg = Release|Any CPU
		{5C31AAAF-A669-478D-ABA1-21F3A67DC6D6}.Release|Mixed Platforms.Build.0 = Release|Any CPU
		{5C31AAAF-A669-478D-ABA1-21F3A67DC6D6}.Release|x64.ActiveCfg = Release|Any CPU
		{5C31AAAF-A669-478D-ABA1-21F3A67DC6D6}.Release|x64.Build.0 = Release|Any CPU
		{5C31AAAF-A669-478D-ABA1-21F3A67DC6D6}.Release|x86.ActiveCfg = Release|Any CPU
		{5C31AAAF-A669-478D-ABA1-21F3A67DC6D6}.Release|x86.Build.0 = Release|Any CPU
		{73E30D4E-A23F-4876-A784-F25FFBAA5639}.Debug|Any CPU.ActiveCfg = Debug|Any CPU
		{73E30D4E-A23F-4876-A784-F25FFBAA5639}.Debug|Any CPU.Build.0 = Debug|Any CPU
		{73E30D4E-A23F-4876-A784-F25FFBAA5639}.Debug|ARM.ActiveCfg = Debug|Any CPU
		{73E30D4E-A23F-4876-A784-F25FFBAA5639}.Debug|ARM.Build.0 = Debug|Any CPU
		{73E30D4E-A23F-4876-A784-F25FFBAA5639}.Debug|Mixed Platforms.ActiveCfg = Debug|Any CPU
		{73E30D4E-A23F-4876-A784-F25FFBAA5639}.Debug|Mixed Platforms.Build.0 = Debug|Any CPU
		{73E30D4E-A23F-4876-A784-F25FFBAA5639}.Debug|x64.ActiveCfg = Debug|Any CPU
		{73E30D4E-A23F-4876-A784-F25FFBAA5639}.Debug|x64.Build.0 = Debug|Any CPU
		{73E30D4E-A23F-4876-A784-F25FFBAA5639}.Debug|x86.ActiveCfg = Debug|Any CPU
		{73E30D4E-A23F-4876-A784-F25FFBAA5639}.Debug|x86.Build.0 = Debug|Any CPU
		{73E30D4E-A23F-4876-A784-F25FFBAA5639}.Release|Any CPU.ActiveCfg = Release|Any CPU
		{73E30D4E-A23F-4876-A784-F25FFBAA5639}.Release|Any CPU.Build.0 = Release|Any CPU
		{73E30D4E-A23F-4876-A784-F25FFBAA5639}.Release|ARM.ActiveCfg = Release|Any CPU
		{73E30D4E-A23F-4876-A784-F25FFBAA5639}.Release|ARM.Build.0 = Release|Any CPU
		{73E30D4E-A23F-4876-A784-F25FFBAA5639}.Release|Mixed Platforms.ActiveCfg = Release|Any CPU
		{73E30D4E-A23F-4876-A784-F25FFBAA5639}.Release|Mixed Platforms.Build.0 = Release|Any CPU
		{73E30D4E-A23F-4876-A784-F25FFBAA5639}.Release|x64.ActiveCfg = Release|Any CPU
		{73E30D4E-A23F-4876-A784-F25FFBAA5639}.Release|x64.Build.0 = Release|Any CPU
		{73E30D4E-A23F-4876-A784-F25FFBAA5639}.Release|x86.ActiveCfg = Release|Any CPU
		{73E30D4E-A23F-4876-A784-F25FFBAA5639}.Release|x86.Build.0 = Release|Any CPU
		{72769526-1153-4481-BE0C-9636DC2CD27D}.Debug|Any CPU.ActiveCfg = Debug|Any CPU
		{72769526-1153-4481-BE0C-9636DC2CD27D}.Debug|Any CPU.Build.0 = Debug|Any CPU
		{72769526-1153-4481-BE0C-9636DC2CD27D}.Debug|ARM.ActiveCfg = Debug|Any CPU
		{72769526-1153-4481-BE0C-9636DC2CD27D}.Debug|ARM.Build.0 = Debug|Any CPU
		{72769526-1153-4481-BE0C-9636DC2CD27D}.Debug|Mixed Platforms.ActiveCfg = Debug|Any CPU
		{72769526-1153-4481-BE0C-9636DC2CD27D}.Debug|Mixed Platforms.Build.0 = Debug|Any CPU
		{72769526-1153-4481-BE0C-9636DC2CD27D}.Debug|x64.ActiveCfg = Debug|Any CPU
		{72769526-1153-4481-BE0C-9636DC2CD27D}.Debug|x64.Build.0 = Debug|Any CPU
		{72769526-1153-4481-BE0C-9636DC2CD27D}.Debug|x86.ActiveCfg = Debug|Any CPU
		{72769526-1153-4481-BE0C-9636DC2CD27D}.Debug|x86.Build.0 = Debug|Any CPU
		{72769526-1153-4481-BE0C-9636DC2CD27D}.Release|Any CPU.ActiveCfg = Release|Any CPU
		{72769526-1153-4481-BE0C-9636DC2CD27D}.Release|Any CPU.Build.0 = Release|Any CPU
		{72769526-1153-4481-BE0C-9636DC2CD27D}.Release|ARM.ActiveCfg = Release|Any CPU
		{72769526-1153-4481-BE0C-9636DC2CD27D}.Release|ARM.Build.0 = Release|Any CPU
		{72769526-1153-4481-BE0C-9636DC2CD27D}.Release|Mixed Platforms.ActiveCfg = Release|Any CPU
		{72769526-1153-4481-BE0C-9636DC2CD27D}.Release|Mixed Platforms.Build.0 = Release|Any CPU
		{72769526-1153-4481-BE0C-9636DC2CD27D}.Release|x64.ActiveCfg = Release|Any CPU
		{72769526-1153-4481-BE0C-9636DC2CD27D}.Release|x64.Build.0 = Release|Any CPU
		{72769526-1153-4481-BE0C-9636DC2CD27D}.Release|x86.ActiveCfg = Release|Any CPU
		{72769526-1153-4481-BE0C-9636DC2CD27D}.Release|x86.Build.0 = Release|Any CPU
		{719A82A5-0F6F-4D9D-BAE6-73EA7BCE6DCF}.Debug|Any CPU.ActiveCfg = Debug|Any CPU
		{719A82A5-0F6F-4D9D-BAE6-73EA7BCE6DCF}.Debug|Any CPU.Build.0 = Debug|Any CPU
		{719A82A5-0F6F-4D9D-BAE6-73EA7BCE6DCF}.Debug|ARM.ActiveCfg = Debug|Any CPU
		{719A82A5-0F6F-4D9D-BAE6-73EA7BCE6DCF}.Debug|ARM.Build.0 = Debug|Any CPU
		{719A82A5-0F6F-4D9D-BAE6-73EA7BCE6DCF}.Debug|Mixed Platforms.ActiveCfg = Debug|Any CPU
		{719A82A5-0F6F-4D9D-BAE6-73EA7BCE6DCF}.Debug|Mixed Platforms.Build.0 = Debug|Any CPU
		{719A82A5-0F6F-4D9D-BAE6-73EA7BCE6DCF}.Debug|x64.ActiveCfg = Debug|Any CPU
		{719A82A5-0F6F-4D9D-BAE6-73EA7BCE6DCF}.Debug|x64.Build.0 = Debug|Any CPU
		{719A82A5-0F6F-4D9D-BAE6-73EA7BCE6DCF}.Debug|x86.ActiveCfg = Debug|Any CPU
		{719A82A5-0F6F-4D9D-BAE6-73EA7BCE6DCF}.Debug|x86.Build.0 = Debug|Any CPU
		{719A82A5-0F6F-4D9D-BAE6-73EA7BCE6DCF}.Release|Any CPU.ActiveCfg = Release|Any CPU
		{719A82A5-0F6F-4D9D-BAE6-73EA7BCE6DCF}.Release|Any CPU.Build.0 = Release|Any CPU
		{719A82A5-0F6F-4D9D-BAE6-73EA7BCE6DCF}.Release|ARM.ActiveCfg = Release|Any CPU
		{719A82A5-0F6F-4D9D-BAE6-73EA7BCE6DCF}.Release|ARM.Build.0 = Release|Any CPU
		{719A82A5-0F6F-4D9D-BAE6-73EA7BCE6DCF}.Release|Mixed Platforms.ActiveCfg = Release|Any CPU
		{719A82A5-0F6F-4D9D-BAE6-73EA7BCE6DCF}.Release|Mixed Platforms.Build.0 = Release|Any CPU
		{719A82A5-0F6F-4D9D-BAE6-73EA7BCE6DCF}.Release|x64.ActiveCfg = Release|Any CPU
		{719A82A5-0F6F-4D9D-BAE6-73EA7BCE6DCF}.Release|x64.Build.0 = Release|Any CPU
		{719A82A5-0F6F-4D9D-BAE6-73EA7BCE6DCF}.Release|x86.ActiveCfg = Release|Any CPU
		{719A82A5-0F6F-4D9D-BAE6-73EA7BCE6DCF}.Release|x86.Build.0 = Release|Any CPU
		{7761AD54-B861-4E4A-9824-97C4ED8C87BF}.Debug|Any CPU.ActiveCfg = Debug|Any CPU
		{7761AD54-B861-4E4A-9824-97C4ED8C87BF}.Debug|Any CPU.Build.0 = Debug|Any CPU
		{7761AD54-B861-4E4A-9824-97C4ED8C87BF}.Debug|ARM.ActiveCfg = Debug|Any CPU
		{7761AD54-B861-4E4A-9824-97C4ED8C87BF}.Debug|ARM.Build.0 = Debug|Any CPU
		{7761AD54-B861-4E4A-9824-97C4ED8C87BF}.Debug|Mixed Platforms.ActiveCfg = Debug|Any CPU
		{7761AD54-B861-4E4A-9824-97C4ED8C87BF}.Debug|Mixed Platforms.Build.0 = Debug|Any CPU
		{7761AD54-B861-4E4A-9824-97C4ED8C87BF}.Debug|x64.ActiveCfg = Debug|Any CPU
		{7761AD54-B861-4E4A-9824-97C4ED8C87BF}.Debug|x64.Build.0 = Debug|Any CPU
		{7761AD54-B861-4E4A-9824-97C4ED8C87BF}.Debug|x86.ActiveCfg = Debug|Any CPU
		{7761AD54-B861-4E4A-9824-97C4ED8C87BF}.Debug|x86.Build.0 = Debug|Any CPU
		{7761AD54-B861-4E4A-9824-97C4ED8C87BF}.Release|Any CPU.ActiveCfg = Release|Any CPU
		{7761AD54-B861-4E4A-9824-97C4ED8C87BF}.Release|Any CPU.Build.0 = Release|Any CPU
		{7761AD54-B861-4E4A-9824-97C4ED8C87BF}.Release|ARM.ActiveCfg = Release|Any CPU
		{7761AD54-B861-4E4A-9824-97C4ED8C87BF}.Release|ARM.Build.0 = Release|Any CPU
		{7761AD54-B861-4E4A-9824-97C4ED8C87BF}.Release|Mixed Platforms.ActiveCfg = Release|Any CPU
		{7761AD54-B861-4E4A-9824-97C4ED8C87BF}.Release|Mixed Platforms.Build.0 = Release|Any CPU
		{7761AD54-B861-4E4A-9824-97C4ED8C87BF}.Release|x64.ActiveCfg = Release|Any CPU
		{7761AD54-B861-4E4A-9824-97C4ED8C87BF}.Release|x64.Build.0 = Release|Any CPU
		{7761AD54-B861-4E4A-9824-97C4ED8C87BF}.Release|x86.ActiveCfg = Release|Any CPU
		{7761AD54-B861-4E4A-9824-97C4ED8C87BF}.Release|x86.Build.0 = Release|Any CPU
		{FF344F15-29B6-45C0-8F59-A5C74925B4FC}.Debug|Any CPU.ActiveCfg = Debug|Any CPU
		{FF344F15-29B6-45C0-8F59-A5C74925B4FC}.Debug|Any CPU.Build.0 = Debug|Any CPU
		{FF344F15-29B6-45C0-8F59-A5C74925B4FC}.Debug|ARM.ActiveCfg = Debug|Any CPU
		{FF344F15-29B6-45C0-8F59-A5C74925B4FC}.Debug|ARM.Build.0 = Debug|Any CPU
		{FF344F15-29B6-45C0-8F59-A5C74925B4FC}.Debug|Mixed Platforms.ActiveCfg = Debug|Any CPU
		{FF344F15-29B6-45C0-8F59-A5C74925B4FC}.Debug|Mixed Platforms.Build.0 = Debug|Any CPU
		{FF344F15-29B6-45C0-8F59-A5C74925B4FC}.Debug|x64.ActiveCfg = Debug|Any CPU
		{FF344F15-29B6-45C0-8F59-A5C74925B4FC}.Debug|x64.Build.0 = Debug|Any CPU
		{FF344F15-29B6-45C0-8F59-A5C74925B4FC}.Debug|x86.ActiveCfg = Debug|Any CPU
		{FF344F15-29B6-45C0-8F59-A5C74925B4FC}.Debug|x86.Build.0 = Debug|Any CPU
		{FF344F15-29B6-45C0-8F59-A5C74925B4FC}.Release|Any CPU.ActiveCfg = Release|Any CPU
		{FF344F15-29B6-45C0-8F59-A5C74925B4FC}.Release|Any CPU.Build.0 = Release|Any CPU
		{FF344F15-29B6-45C0-8F59-A5C74925B4FC}.Release|ARM.ActiveCfg = Release|Any CPU
		{FF344F15-29B6-45C0-8F59-A5C74925B4FC}.Release|ARM.Build.0 = Release|Any CPU
		{FF344F15-29B6-45C0-8F59-A5C74925B4FC}.Release|Mixed Platforms.ActiveCfg = Release|Any CPU
		{FF344F15-29B6-45C0-8F59-A5C74925B4FC}.Release|Mixed Platforms.Build.0 = Release|Any CPU
		{FF344F15-29B6-45C0-8F59-A5C74925B4FC}.Release|x64.ActiveCfg = Release|Any CPU
		{FF344F15-29B6-45C0-8F59-A5C74925B4FC}.Release|x64.Build.0 = Release|Any CPU
		{FF344F15-29B6-45C0-8F59-A5C74925B4FC}.Release|x86.ActiveCfg = Release|Any CPU
		{FF344F15-29B6-45C0-8F59-A5C74925B4FC}.Release|x86.Build.0 = Release|Any CPU
		{193C0BFE-FBB1-4A07-9A85-6EA242A75C97}.Debug|Any CPU.ActiveCfg = Debug|Any CPU
		{193C0BFE-FBB1-4A07-9A85-6EA242A75C97}.Debug|Any CPU.Build.0 = Debug|Any CPU
		{193C0BFE-FBB1-4A07-9A85-6EA242A75C97}.Debug|ARM.ActiveCfg = Debug|Any CPU
		{193C0BFE-FBB1-4A07-9A85-6EA242A75C97}.Debug|ARM.Build.0 = Debug|Any CPU
		{193C0BFE-FBB1-4A07-9A85-6EA242A75C97}.Debug|Mixed Platforms.ActiveCfg = Debug|Any CPU
		{193C0BFE-FBB1-4A07-9A85-6EA242A75C97}.Debug|Mixed Platforms.Build.0 = Debug|Any CPU
		{193C0BFE-FBB1-4A07-9A85-6EA242A75C97}.Debug|x64.ActiveCfg = Debug|Any CPU
		{193C0BFE-FBB1-4A07-9A85-6EA242A75C97}.Debug|x64.Build.0 = Debug|Any CPU
		{193C0BFE-FBB1-4A07-9A85-6EA242A75C97}.Debug|x86.ActiveCfg = Debug|Any CPU
		{193C0BFE-FBB1-4A07-9A85-6EA242A75C97}.Debug|x86.Build.0 = Debug|Any CPU
		{193C0BFE-FBB1-4A07-9A85-6EA242A75C97}.Release|Any CPU.ActiveCfg = Release|Any CPU
		{193C0BFE-FBB1-4A07-9A85-6EA242A75C97}.Release|Any CPU.Build.0 = Release|Any CPU
		{193C0BFE-FBB1-4A07-9A85-6EA242A75C97}.Release|ARM.ActiveCfg = Release|Any CPU
		{193C0BFE-FBB1-4A07-9A85-6EA242A75C97}.Release|ARM.Build.0 = Release|Any CPU
		{193C0BFE-FBB1-4A07-9A85-6EA242A75C97}.Release|Mixed Platforms.ActiveCfg = Release|Any CPU
		{193C0BFE-FBB1-4A07-9A85-6EA242A75C97}.Release|Mixed Platforms.Build.0 = Release|Any CPU
		{193C0BFE-FBB1-4A07-9A85-6EA242A75C97}.Release|x64.ActiveCfg = Release|Any CPU
		{193C0BFE-FBB1-4A07-9A85-6EA242A75C97}.Release|x64.Build.0 = Release|Any CPU
		{193C0BFE-FBB1-4A07-9A85-6EA242A75C97}.Release|x86.ActiveCfg = Release|Any CPU
		{193C0BFE-FBB1-4A07-9A85-6EA242A75C97}.Release|x86.Build.0 = Release|Any CPU
		{E71A368D-D6D9-43DD-B2E3-E0B152CBB1DA}.Debug|Any CPU.ActiveCfg = Debug|Any CPU
		{E71A368D-D6D9-43DD-B2E3-E0B152CBB1DA}.Debug|Any CPU.Build.0 = Debug|Any CPU
		{E71A368D-D6D9-43DD-B2E3-E0B152CBB1DA}.Debug|ARM.ActiveCfg = Debug|Any CPU
		{E71A368D-D6D9-43DD-B2E3-E0B152CBB1DA}.Debug|ARM.Build.0 = Debug|Any CPU
		{E71A368D-D6D9-43DD-B2E3-E0B152CBB1DA}.Debug|Mixed Platforms.ActiveCfg = Debug|Any CPU
		{E71A368D-D6D9-43DD-B2E3-E0B152CBB1DA}.Debug|Mixed Platforms.Build.0 = Debug|Any CPU
		{E71A368D-D6D9-43DD-B2E3-E0B152CBB1DA}.Debug|x64.ActiveCfg = Debug|Any CPU
		{E71A368D-D6D9-43DD-B2E3-E0B152CBB1DA}.Debug|x64.Build.0 = Debug|Any CPU
		{E71A368D-D6D9-43DD-B2E3-E0B152CBB1DA}.Debug|x86.ActiveCfg = Debug|Any CPU
		{E71A368D-D6D9-43DD-B2E3-E0B152CBB1DA}.Debug|x86.Build.0 = Debug|Any CPU
		{E71A368D-D6D9-43DD-B2E3-E0B152CBB1DA}.Release|Any CPU.ActiveCfg = Release|Any CPU
		{E71A368D-D6D9-43DD-B2E3-E0B152CBB1DA}.Release|Any CPU.Build.0 = Release|Any CPU
		{E71A368D-D6D9-43DD-B2E3-E0B152CBB1DA}.Release|ARM.ActiveCfg = Release|Any CPU
		{E71A368D-D6D9-43DD-B2E3-E0B152CBB1DA}.Release|ARM.Build.0 = Release|Any CPU
		{E71A368D-D6D9-43DD-B2E3-E0B152CBB1DA}.Release|Mixed Platforms.ActiveCfg = Release|Any CPU
		{E71A368D-D6D9-43DD-B2E3-E0B152CBB1DA}.Release|Mixed Platforms.Build.0 = Release|Any CPU
		{E71A368D-D6D9-43DD-B2E3-E0B152CBB1DA}.Release|x64.ActiveCfg = Release|Any CPU
		{E71A368D-D6D9-43DD-B2E3-E0B152CBB1DA}.Release|x64.Build.0 = Release|Any CPU
		{E71A368D-D6D9-43DD-B2E3-E0B152CBB1DA}.Release|x86.ActiveCfg = Release|Any CPU
		{E71A368D-D6D9-43DD-B2E3-E0B152CBB1DA}.Release|x86.Build.0 = Release|Any CPU
		{CBA87113-A073-4B7C-A7E4-419FB0297669}.Debug|Any CPU.ActiveCfg = Debug|Any CPU
		{CBA87113-A073-4B7C-A7E4-419FB0297669}.Debug|Any CPU.Build.0 = Debug|Any CPU
		{CBA87113-A073-4B7C-A7E4-419FB0297669}.Debug|ARM.ActiveCfg = Debug|Any CPU
		{CBA87113-A073-4B7C-A7E4-419FB0297669}.Debug|ARM.Build.0 = Debug|Any CPU
		{CBA87113-A073-4B7C-A7E4-419FB0297669}.Debug|Mixed Platforms.ActiveCfg = Debug|Any CPU
		{CBA87113-A073-4B7C-A7E4-419FB0297669}.Debug|Mixed Platforms.Build.0 = Debug|Any CPU
		{CBA87113-A073-4B7C-A7E4-419FB0297669}.Debug|x64.ActiveCfg = Debug|Any CPU
		{CBA87113-A073-4B7C-A7E4-419FB0297669}.Debug|x64.Build.0 = Debug|Any CPU
		{CBA87113-A073-4B7C-A7E4-419FB0297669}.Debug|x86.ActiveCfg = Debug|Any CPU
		{CBA87113-A073-4B7C-A7E4-419FB0297669}.Debug|x86.Build.0 = Debug|Any CPU
		{CBA87113-A073-4B7C-A7E4-419FB0297669}.Release|Any CPU.ActiveCfg = Release|Any CPU
		{CBA87113-A073-4B7C-A7E4-419FB0297669}.Release|Any CPU.Build.0 = Release|Any CPU
		{CBA87113-A073-4B7C-A7E4-419FB0297669}.Release|ARM.ActiveCfg = Release|Any CPU
		{CBA87113-A073-4B7C-A7E4-419FB0297669}.Release|ARM.Build.0 = Release|Any CPU
		{CBA87113-A073-4B7C-A7E4-419FB0297669}.Release|Mixed Platforms.ActiveCfg = Release|Any CPU
		{CBA87113-A073-4B7C-A7E4-419FB0297669}.Release|Mixed Platforms.Build.0 = Release|Any CPU
		{CBA87113-A073-4B7C-A7E4-419FB0297669}.Release|x64.ActiveCfg = Release|Any CPU
		{CBA87113-A073-4B7C-A7E4-419FB0297669}.Release|x64.Build.0 = Release|Any CPU
		{CBA87113-A073-4B7C-A7E4-419FB0297669}.Release|x86.ActiveCfg = Release|Any CPU
		{CBA87113-A073-4B7C-A7E4-419FB0297669}.Release|x86.Build.0 = Release|Any CPU
		{CB47E1D9-2072-46C8-ABCA-BA8D2E764E4A}.Debug|Any CPU.ActiveCfg = Debug|Any CPU
		{CB47E1D9-2072-46C8-ABCA-BA8D2E764E4A}.Debug|Any CPU.Build.0 = Debug|Any CPU
		{CB47E1D9-2072-46C8-ABCA-BA8D2E764E4A}.Debug|ARM.ActiveCfg = Debug|Any CPU
		{CB47E1D9-2072-46C8-ABCA-BA8D2E764E4A}.Debug|ARM.Build.0 = Debug|Any CPU
		{CB47E1D9-2072-46C8-ABCA-BA8D2E764E4A}.Debug|Mixed Platforms.ActiveCfg = Debug|Any CPU
		{CB47E1D9-2072-46C8-ABCA-BA8D2E764E4A}.Debug|Mixed Platforms.Build.0 = Debug|Any CPU
		{CB47E1D9-2072-46C8-ABCA-BA8D2E764E4A}.Debug|x64.ActiveCfg = Debug|Any CPU
		{CB47E1D9-2072-46C8-ABCA-BA8D2E764E4A}.Debug|x64.Build.0 = Debug|Any CPU
		{CB47E1D9-2072-46C8-ABCA-BA8D2E764E4A}.Debug|x86.ActiveCfg = Debug|Any CPU
		{CB47E1D9-2072-46C8-ABCA-BA8D2E764E4A}.Debug|x86.Build.0 = Debug|Any CPU
		{CB47E1D9-2072-46C8-ABCA-BA8D2E764E4A}.Release|Any CPU.ActiveCfg = Release|Any CPU
		{CB47E1D9-2072-46C8-ABCA-BA8D2E764E4A}.Release|Any CPU.Build.0 = Release|Any CPU
		{CB47E1D9-2072-46C8-ABCA-BA8D2E764E4A}.Release|ARM.ActiveCfg = Release|Any CPU
		{CB47E1D9-2072-46C8-ABCA-BA8D2E764E4A}.Release|ARM.Build.0 = Release|Any CPU
		{CB47E1D9-2072-46C8-ABCA-BA8D2E764E4A}.Release|Mixed Platforms.ActiveCfg = Release|Any CPU
		{CB47E1D9-2072-46C8-ABCA-BA8D2E764E4A}.Release|Mixed Platforms.Build.0 = Release|Any CPU
		{CB47E1D9-2072-46C8-ABCA-BA8D2E764E4A}.Release|x64.ActiveCfg = Release|Any CPU
		{CB47E1D9-2072-46C8-ABCA-BA8D2E764E4A}.Release|x64.Build.0 = Release|Any CPU
		{CB47E1D9-2072-46C8-ABCA-BA8D2E764E4A}.Release|x86.ActiveCfg = Release|Any CPU
		{CB47E1D9-2072-46C8-ABCA-BA8D2E764E4A}.Release|x86.Build.0 = Release|Any CPU
		{D7270B4A-4EBC-4790-83E9-21BECB797FC3}.Debug|Any CPU.ActiveCfg = Debug|Any CPU
		{D7270B4A-4EBC-4790-83E9-21BECB797FC3}.Debug|Any CPU.Build.0 = Debug|Any CPU
		{D7270B4A-4EBC-4790-83E9-21BECB797FC3}.Debug|ARM.ActiveCfg = Debug|Any CPU
		{D7270B4A-4EBC-4790-83E9-21BECB797FC3}.Debug|ARM.Build.0 = Debug|Any CPU
		{D7270B4A-4EBC-4790-83E9-21BECB797FC3}.Debug|Mixed Platforms.ActiveCfg = Debug|Any CPU
		{D7270B4A-4EBC-4790-83E9-21BECB797FC3}.Debug|Mixed Platforms.Build.0 = Debug|Any CPU
		{D7270B4A-4EBC-4790-83E9-21BECB797FC3}.Debug|x64.ActiveCfg = Debug|Any CPU
		{D7270B4A-4EBC-4790-83E9-21BECB797FC3}.Debug|x64.Build.0 = Debug|Any CPU
		{D7270B4A-4EBC-4790-83E9-21BECB797FC3}.Debug|x86.ActiveCfg = Debug|Any CPU
		{D7270B4A-4EBC-4790-83E9-21BECB797FC3}.Debug|x86.Build.0 = Debug|Any CPU
		{D7270B4A-4EBC-4790-83E9-21BECB797FC3}.Release|Any CPU.ActiveCfg = Release|Any CPU
		{D7270B4A-4EBC-4790-83E9-21BECB797FC3}.Release|Any CPU.Build.0 = Release|Any CPU
		{D7270B4A-4EBC-4790-83E9-21BECB797FC3}.Release|ARM.ActiveCfg = Release|Any CPU
		{D7270B4A-4EBC-4790-83E9-21BECB797FC3}.Release|ARM.Build.0 = Release|Any CPU
		{D7270B4A-4EBC-4790-83E9-21BECB797FC3}.Release|Mixed Platforms.ActiveCfg = Release|Any CPU
		{D7270B4A-4EBC-4790-83E9-21BECB797FC3}.Release|Mixed Platforms.Build.0 = Release|Any CPU
		{D7270B4A-4EBC-4790-83E9-21BECB797FC3}.Release|x64.ActiveCfg = Release|Any CPU
		{D7270B4A-4EBC-4790-83E9-21BECB797FC3}.Release|x64.Build.0 = Release|Any CPU
		{D7270B4A-4EBC-4790-83E9-21BECB797FC3}.Release|x86.ActiveCfg = Release|Any CPU
		{D7270B4A-4EBC-4790-83E9-21BECB797FC3}.Release|x86.Build.0 = Release|Any CPU
	EndGlobalSection
	GlobalSection(SolutionProperties) = preSolution
		HideSolutionNode = FALSE
	EndGlobalSection
	GlobalSection(NestedProjects) = preSolution
		{3A3CEBF9-2A57-46A3-82FC-924C112B0FA6} = {04665F93-8B2B-489A-B06F-6727AB5DF605}
		{19138855-0DA0-4CFC-910D-524743F8C4CF} = {CF4D75CA-0011-4E6C-96C4-26DF275EC87C}
		{73E30D4E-A23F-4876-A784-F25FFBAA5639} = {142A3031-40B7-48CE-BDA7-4C10C05F271C}
		{719A82A5-0F6F-4D9D-BAE6-73EA7BCE6DCF} = {D1B92F0F-AE64-44DC-B185-7A61F64C40A9}
		{7761AD54-B861-4E4A-9824-97C4ED8C87BF} = {142A3031-40B7-48CE-BDA7-4C10C05F271C}
		{FF344F15-29B6-45C0-8F59-A5C74925B4FC} = {142A3031-40B7-48CE-BDA7-4C10C05F271C}
		{193C0BFE-FBB1-4A07-9A85-6EA242A75C97} = {D1B92F0F-AE64-44DC-B185-7A61F64C40A9}
		{E71A368D-D6D9-43DD-B2E3-E0B152CBB1DA} = {142A3031-40B7-48CE-BDA7-4C10C05F271C}
		{D1B92F0F-AE64-44DC-B185-7A61F64C40A9} = {142A3031-40B7-48CE-BDA7-4C10C05F271C}
		{CBA87113-A073-4B7C-A7E4-419FB0297669} = {04665F93-8B2B-489A-B06F-6727AB5DF605}
		{D7270B4A-4EBC-4790-83E9-21BECB797FC3} = {04665F93-8B2B-489A-B06F-6727AB5DF605}
	EndGlobalSection
	GlobalSection(ExtensibilityGlobals) = postSolution
		SolutionGuid = {BFA88908-D833-4950-8539-AEAE5C6AD7FE}
	EndGlobalSection
	GlobalSection(TeamFoundationVersionControl) = preSolution
		SccNumberOfProjects = 22
		SccEnterpriseProvider = {4CA58AB2-18FA-4F8D-95D4-32DDF27D184C}
		SccTeamFoundationServer = http://olsrvtfs01:8080/tfs/olimpia-desarrollo
		SccLocalPath0 = .
		SccProjectUniqueName1 = DirectorioActivo\\Utilidades.csproj
		SccProjectName1 = DirectorioActivo
		SccLocalPath1 = DirectorioActivo
		SccProjectUniqueName2 = Dispositivos\\Dispositivos.csproj
		SccProjectName2 = Dispositivos
		SccLocalPath2 = Dispositivos
		SccProjectUniqueName3 = Entidades\\Entidades.csproj
		SccProjectName3 = Entidades
		SccLocalPath3 = Entidades
		SccProjectUniqueName4 = Servicios\\Servicios.csproj
		SccProjectName4 = Servicios
		SccLocalPath4 = Servicios
		SccProjectUniqueName5 = WCFServicioReconoser\\WCFServicioReconoser.csproj
		SccProjectName5 = WCFServicioReconoser
		SccLocalPath5 = WCFServicioReconoser
		SccProjectUniqueName6 = ReconoserWinService\\ReconoserWinService.csproj
		SccProjectName6 = ReconoserWinService
		SccLocalPath6 = ReconoserWinService
		SccProjectUniqueName7 = ReconoserServicio\\ReconoserEstado.csproj
		SccProjectName7 = ReconoserServicio
		SccLocalPath7 = ReconoserServicio
		SccProjectUniqueName8 = Testers\\Microsoft.AspNet.SignalR.Client.Samples\\Microsoft.AspNet.SignalR.Client.Samples.csproj
		SccProjectTopLevelParentUniqueName8 = ReconoserServicio.sln
		SccProjectName8 = Testers/Microsoft.AspNet.SignalR.Client.Samples
		SccLocalPath8 = Testers\\Microsoft.AspNet.SignalR.Client.Samples
		SccProjectUniqueName9 = SignalRHubs\\SignalRHubs.csproj
		SccProjectName9 = SignalRHubs
		SccLocalPath9 = SignalRHubs
		SccProjectUniqueName10 = DevicePrerequisiteTester\\DevicesValidator.csproj
		SccProjectTopLevelParentUniqueName10 = ReconoserServicio.sln
		SccProjectName10 = DevicePrerequisiteTester
		SccLocalPath10 = DevicePrerequisiteTester
		SccProjectUniqueName11 = ContingenciaOperador\\ContingenciaOperador.csproj
		SccProjectName11 = ContingenciaOperador
		SccLocalPath11 = ContingenciaOperador
		SccProjectUniqueName12 = ContingenciaOperador.AzureStorage\\ContingenciaOperador.AzureStorage.csproj
		SccProjectTopLevelParentUniqueName12 = ReconoserServicio.sln
		SccProjectName12 = ContingenciaOperador.AzureStorage
		SccLocalPath12 = ContingenciaOperador.AzureStorage
		SccProjectUniqueName13 = ContingenciaOperador.Entidades\\ContingenciaOperador.Entidades.csproj
		SccProjectName13 = ContingenciaOperador.Entidades
		SccLocalPath13 = ContingenciaOperador.Entidades
		SccProjectUniqueName14 = ContingenciaOperador.AzureStorage\\Test\\ContingenciaOperador.AzureStorage.Test.csproj
		SccProjectTopLevelParentUniqueName14 = ReconoserServicio.sln
		SccProjectName14 = ContingenciaOperador.AzureStorage/Test
		SccLocalPath14 = ContingenciaOperador.AzureStorage\\Test
		SccProjectUniqueName15 = ContingenciaOperador.AzureStorage.AppConfig\\ContingenciaOperador.AzureStorage.AppConfig.csproj
		SccProjectTopLevelParentUniqueName15 = ReconoserServicio.sln
		SccProjectName15 = ContingenciaOperador.AzureStorage.AppConfig
		SccLocalPath15 = ContingenciaOperador.AzureStorage.AppConfig
		SccProjectUniqueName16 = ContingenciaOperador.AzureStorage.Core\\ContingenciaOperador.AzureStorage.Core.csproj
		SccProjectTopLevelParentUniqueName16 = ReconoserServicio.sln
		SccProjectName16 = ContingenciaOperador.AzureStorage.Core
		SccLocalPath16 = ContingenciaOperador.AzureStorage.Core
		SccProjectUniqueName17 = ContingenciaOperador.AzureStorage.Core\\Test\\ContingenciaOperador.AzureStorage.Core.Test.csproj
		SccProjectTopLevelParentUniqueName17 = ReconoserServicio.sln
		SccProjectName17 = ContingenciaOperador.AzureStorage.Core/Test
		SccLocalPath17 = ContingenciaOperador.AzureStorage.Core\\Test
		SccProjectUniqueName18 = ContingenciaOperador.AzureStorage.SimpleInjector\\ContingenciaOperador.AzureStorage.SimpleInjector.csproj
		SccProjectTopLevelParentUniqueName18 = ReconoserServicio.sln
		SccProjectName18 = ContingenciaOperador.AzureStorage.SimpleInjector
		SccLocalPath18 = ContingenciaOperador.AzureStorage.SimpleInjector
		SccProjectUniqueName19 = Test\\UtilidadesTest\\Utilidades.Test.csproj
		SccProjectTopLevelParentUniqueName19 = ReconoserServicio.sln
		SccProjectName19 = Test/UtilidadesTest
		SccLocalPath19 = Test\\UtilidadesTest
		SccProjectUniqueName20 = UtilidadesParalelismo\\Utilidades.Paralelismo.csproj
		SccProjectName20 = UtilidadesParalelismo
		SccLocalPath20 = UtilidadesParalelismo
		SccProjectUniqueName21 = UtilidadesParalelismo\\Test\\Utilidades.Paralelismo.Test.csproj
		SccProjectTopLevelParentUniqueName21 = ReconoserServicio.sln
		SccProjectName21 = UtilidadesParalelismo/Test
		SccLocalPath21 = UtilidadesParalelismo\\Test
	EndGlobalSection
EndGlobal
